
Microsoft Visual Studio Solution File, Format Version 10.00
# Visual Studio 2008
Project("{FAE04EC0-301F-11D3-BF4B-00C04F79EFBC}") = "lab3_tr", "lab3_tr\lab3_tr.csproj", "{4160071A-0EA8-4BCB-BEBA-E6D1D6D79A90}"
EndProject
Global
	GlobalSection(SolutionConfigurationPlatforms) = preSolution
		Debug|Any CPU = Debug|Any CPU
		Release|Any CPU = Release|Any CPU
	EndGlobalSection
	GlobalSection(ProjectConfigurationPlatforms) = postSolution
		{4160071A-0EA8-4BCB-BEBA-E6D1D6D79A90}.Debug|Any CPU.ActiveCfg = Debug|Any CPU
		{4160071A-0EA8-4BCB-BEBA-E6D1D6D79A90}.Debug|Any CPU.Build.0 = Debug|Any CPU
		{4160071A-0EA8-4BCB-BEBA-E6D1D6D79A90}.Release|Any CPU.ActiveCfg = Release|Any CPU
		{4160071A-0EA8-4BCB-BEBA-E6D1D6D79A90}.Release|Any CPU.Build.0 = Release|Any CPU
	EndGlobalSection
	GlobalSection(SolutionProperties) = preSolution
		HideSolutionNode = FALSE
	EndGlobalSection
EndGlobal
